
Microsoft Visual Studio Solution File, Format Version 12.00
# Visual Studio Version 17
VisualStudioVersion = 17.0.32112.339
MinimumVisualStudioVersion = 10.0.40219.1
Project("{9A19103F-16F7-4668-BE54-9A1E7A4F7556}") = "AirFuelCalculator.UI", "AirFuelCalculator.UI\AirFuelCalculator.UI.csproj", "{FFB3B5F5-1DE4-44B5-BF5C-83BA3AB25CBF}"
EndProject
Project("{FAE04EC0-301F-11D3-BF4B-00C04F79EFBC}") = "AirFuelCalculator.BLL", "AirFuelCalculator.BLL\AirFuelCalculator.BLL.csproj", "{12F18549-2C94-4D6C-B4D8-7277F2397481}"
EndProject
Project("{FAE04EC0-301F-11D3-BF4B-00C04F79EFBC}") = "AirFuelCalculator.Model", "AirFuelCalculator.Model\AirFuelCalculator.Model.csproj", "{D43DC5F2-9373-4AFE-B025-25A5B3DCA3A9}"
EndProject
Project("{FAE04EC0-301F-11D3-BF4B-00C04F79EFBC}") = "AirFuelCalculator.Repo", "AirFuelCalculator.Repo\AirFuelCalculator.Repo.csproj", "{2A511CB1-7E13-4A91-820F-DFA83C170ADB}"
EndProject
Project("{FAE04EC0-301F-11D3-BF4B-00C04F79EFBC}") = "AirFuelCalculator.Record", "AirFuelCalculator.Record\AirFuelCalculator.Record.csproj", "{5CFAABF2-E78C-4239-BA30-D16CECAC5E4E}"
EndProject
Project("{FAE04EC0-301F-11D3-BF4B-00C04F79EFBC}") = "AirFuelCalculator.BLLTests", "AirFuelCalculator.BLLTests\AirFuelCalculator.BLLTests.csproj", "{868C1C6B-4578-45D0-876D-BECB61D0C944}"
EndProject
Global
	GlobalSection(SolutionConfigurationPlatforms) = preSolution
		Debug|Any CPU = Debug|Any CPU
		Release|Any CPU = Release|Any CPU
	EndGlobalSection
	GlobalSection(ProjectConfigurationPlatforms) = postSolution
		{FFB3B5F5-1DE4-44B5-BF5C-83BA3AB25CBF}.Debug|Any CPU.ActiveCfg = Debug|Any CPU
		{FFB3B5F5-1DE4-44B5-BF5C-83BA3AB25CBF}.Debug|Any CPU.Build.0 = Debug|Any CPU
		{FFB3B5F5-1DE4-44B5-BF5C-83BA3AB25CBF}.Release|Any CPU.ActiveCfg = Release|Any CPU
		{FFB3B5F5-1DE4-44B5-BF5C-83BA3AB25CBF}.Release|Any CPU.Build.0 = Release|Any CPU
		{12F18549-2C94-4D6C-B4D8-7277F2397481}.Debug|Any CPU.ActiveCfg = Debug|Any CPU
		{12F18549-2C94-4D6C-B4D8-7277F2397481}.Debug|Any CPU.Build.0 = Debug|Any CPU
		{12F18549-2C94-4D6C-B4D8-7277F2397481}.Release|Any CPU.ActiveCfg = Release|Any CPU
		{12F18549-2C94-4D6C-B4D8-7277F2397481}.Release|Any CPU.Build.0 = Release|Any CPU
		{D43DC5F2-9373-4AFE-B025-25A5B3DCA3A9}.Debug|Any CPU.ActiveCfg = Debug|Any CPU
		{D43DC5F2-9373-4AFE-B025-25A5B3DCA3A9}.Debug|Any CPU.Build.0 = Debug|Any CPU
		{D43DC5F2-9373-4AFE-B025-25A5B3DCA3A9}.Release|Any CPU.ActiveCfg = Release|Any CPU
		{D43DC5F2-9373-4AFE-B025-25A5B3DCA3A9}.Release|Any CPU.Build.0 = Release|Any CPU
		{2A511CB1-7E13-4A91-820F-DFA83C170ADB}.Debug|Any CPU.ActiveCfg = Debug|Any CPU
		{2A511CB1-7E13-4A91-820F-DFA83C170ADB}.Debug|Any CPU.Build.0 = Debug|Any CPU
		{2A511CB1-7E13-4A91-820F-DFA83C170ADB}.Release|Any CPU.ActiveCfg = Release|Any CPU
		{2A511CB1-7E13-4A91-820F-DFA83C170ADB}.Release|Any CPU.Build.0 = Release|Any CPU
		{5CFAABF2-E78C-4239-BA30-D16CECAC5E4E}.Debug|Any CPU.ActiveCfg = Debug|Any CPU
		{5CFAABF2-E78C-4239-BA30-D16CECAC5E4E}.Debug|Any CPU.Build.0 = Debug|Any CPU
		{5CFAABF2-E78C-4239-BA30-D16CECAC5E4E}.Release|Any CPU.ActiveCfg = Release|Any CPU
		{5CFAABF2-E78C-4239-BA30-D16CECAC5E4E}.Release|Any CPU.Build.0 = Release|Any CPU
		{868C1C6B-4578-45D0-876D-BECB61D0C944}.Debug|Any CPU.ActiveCfg = Debug|Any CPU
		{868C1C6B-4578-45D0-876D-BECB61D0C944}.Debug|Any CPU.Build.0 = Debug|Any CPU
		{868C1C6B-4578-45D0-876D-BECB61D0C944}.Release|Any CPU.ActiveCfg = Release|Any CPU
		{868C1C6B-4578-45D0-876D-BECB61D0C944}.Release|Any CPU.Build.0 = Release|Any CPU
	EndGlobalSection
	GlobalSection(SolutionProperties) = preSolution
		HideSolutionNode = FALSE
	EndGlobalSection
	GlobalSection(ExtensibilityGlobals) = postSolution
		SolutionGuid = {222311F8-1D16-450A-AA4C-FCD49D99E73E}
	EndGlobalSection
EndGlobal
